
Microsoft Visual Studio Solution File, Format Version 12.00
# Visual Studio 2012
Project("{FAE04EC0-301F-11D3-BF4B-00C04F79EFBC}") = "Raven.Abstractions", "Raven.Abstractions\Raven.Abstractions.csproj", "{41AC479E-1EB2-4D23-AAF2-E4C8DF1BC2BA}"
EndProject
Project("{FAE04EC0-301F-11D3-BF4B-00C04F79EFBC}") = "Raven.Studio", "Raven.Studio\Raven.Studio.csproj", "{6828A6A5-B925-4716-8D08-2B26353C54C2}"
EndProject
Project("{FAE04EC0-301F-11D3-BF4B-00C04F79EFBC}") = "Raven.Client.Silverlight", "Raven.Client.Silverlight\Raven.Client.Silverlight.csproj", "{8A1DB308-D56B-49BC-A421-A2AB32617215}"
EndProject
Project("{FAE04EC0-301F-11D3-BF4B-00C04F79EFBC}") = "Raven.Tests.Silverlight", "Raven.Tests.Silverlight\Raven.Tests.Silverlight.csproj", "{129E5462-F398-499C-B69B-FC07666C6A31}"
EndProject
Project("{2150E333-8FDC-42A3-9474-1A3956D46DE8}") = ".nuget", ".nuget", "{561AA2B3-B289-43D7-AF86-2DEEC2ECCD66}"
	ProjectSection(SolutionItems) = preProject
		.nuget\NuGet.Config = .nuget\NuGet.Config
		.nuget\NuGet.exe = .nuget\NuGet.exe
		.nuget\NuGet.targets = .nuget\NuGet.targets
		.nuget\packages.config = .nuget\packages.config
	EndProjectSection
EndProject
Project("{2150E333-8FDC-42A3-9474-1A3956D46DE8}") = "Tests", "Tests", "{DB0F0968-FB58-4A29-8BEA-F73E55D92665}"
EndProject
Project("{FAE04EC0-301F-11D3-BF4B-00C04F79EFBC}") = "Raven.Client.Lightweight", "Raven.Client.Lightweight\Raven.Client.Lightweight.csproj", "{4E087ECB-E7CA-4891-AC3C-3C76702715B6}"
EndProject
Global
	GlobalSection(SolutionConfigurationPlatforms) = preSolution
		Debug|Any CPU = Debug|Any CPU
		Debug|ARM = Debug|ARM
		Debug|Mixed Platforms = Debug|Mixed Platforms
		Debug|x64 = Debug|x64
		Debug|x86 = Debug|x86
		net_2_0_Debug|Any CPU = net_2_0_Debug|Any CPU
		net_2_0_Debug|ARM = net_2_0_Debug|ARM
		net_2_0_Debug|Mixed Platforms = net_2_0_Debug|Mixed Platforms
		net_2_0_Debug|x64 = net_2_0_Debug|x64
		net_2_0_Debug|x86 = net_2_0_Debug|x86
		net_2_0_Release|Any CPU = net_2_0_Release|Any CPU
		net_2_0_Release|ARM = net_2_0_Release|ARM
		net_2_0_Release|Mixed Platforms = net_2_0_Release|Mixed Platforms
		net_2_0_Release|x64 = net_2_0_Release|x64
		net_2_0_Release|x86 = net_2_0_Release|x86
		net_3_5_Debug|Any CPU = net_3_5_Debug|Any CPU
		net_3_5_Debug|ARM = net_3_5_Debug|ARM
		net_3_5_Debug|Mixed Platforms = net_3_5_Debug|Mixed Platforms
		net_3_5_Debug|x64 = net_3_5_Debug|x64
		net_3_5_Debug|x86 = net_3_5_Debug|x86
		net_3_5_Release|Any CPU = net_3_5_Release|Any CPU
		net_3_5_Release|ARM = net_3_5_Release|ARM
		net_3_5_Release|Mixed Platforms = net_3_5_Release|Mixed Platforms
		net_3_5_Release|x64 = net_3_5_Release|x64
		net_3_5_Release|x86 = net_3_5_Release|x86
		net_4_0_Debug|Any CPU = net_4_0_Debug|Any CPU
		net_4_0_Debug|ARM = net_4_0_Debug|ARM
		net_4_0_Debug|Mixed Platforms = net_4_0_Debug|Mixed Platforms
		net_4_0_Debug|x64 = net_4_0_Debug|x64
		net_4_0_Debug|x86 = net_4_0_Debug|x86
		net_4_0_Release|Any CPU = net_4_0_Release|Any CPU
		net_4_0_Release|ARM = net_4_0_Release|ARM
		net_4_0_Release|Mixed Platforms = net_4_0_Release|Mixed Platforms
		net_4_0_Release|x64 = net_4_0_Release|x64
		net_4_0_Release|x86 = net_4_0_Release|x86
		net_4_5_Debug|Any CPU = net_4_5_Debug|Any CPU
		net_4_5_Debug|ARM = net_4_5_Debug|ARM
		net_4_5_Debug|Mixed Platforms = net_4_5_Debug|Mixed Platforms
		net_4_5_Debug|x64 = net_4_5_Debug|x64
		net_4_5_Debug|x86 = net_4_5_Debug|x86
		net_4_5_Release|Any CPU = net_4_5_Release|Any CPU
		net_4_5_Release|ARM = net_4_5_Release|ARM
		net_4_5_Release|Mixed Platforms = net_4_5_Release|Mixed Platforms
		net_4_5_Release|x64 = net_4_5_Release|x64
		net_4_5_Release|x86 = net_4_5_Release|x86
		Release|Any CPU = Release|Any CPU
		Release|ARM = Release|ARM
		Release|Mixed Platforms = Release|Mixed Platforms
		Release|x64 = Release|x64
		Release|x86 = Release|x86
		silverlight_Debug|Any CPU = silverlight_Debug|Any CPU
		silverlight_Debug|ARM = silverlight_Debug|ARM
		silverlight_Debug|Mixed Platforms = silverlight_Debug|Mixed Platforms
		silverlight_Debug|x64 = silverlight_Debug|x64
		silverlight_Debug|x86 = silverlight_Debug|x86
		silverlight_Release|Any CPU = silverlight_Release|Any CPU
		silverlight_Release|ARM = silverlight_Release|ARM
		silverlight_Release|Mixed Platforms = silverlight_Release|Mixed Platforms
		silverlight_Release|x64 = silverlight_Release|x64
		silverlight_Release|x86 = silverlight_Release|x86
		winphone_Debug|Any CPU = winphone_Debug|Any CPU
		winphone_Debug|ARM = winphone_Debug|ARM
		winphone_Debug|Mixed Platforms = winphone_Debug|Mixed Platforms
		winphone_Debug|x64 = winphone_Debug|x64
		winphone_Debug|x86 = winphone_Debug|x86
		winphone_Release|Any CPU = winphone_Release|Any CPU
		winphone_Release|ARM = winphone_Release|ARM
		winphone_Release|Mixed Platforms = winphone_Release|Mixed Platforms
		winphone_Release|x64 = winphone_Release|x64
		winphone_Release|x86 = winphone_Release|x86
	EndGlobalSection
	GlobalSection(ProjectConfigurationPlatforms) = postSolution
		{41AC479E-1EB2-4D23-AAF2-E4C8DF1BC2BA}.Debug|Any CPU.ActiveCfg = Debug|Any CPU
		{41AC479E-1EB2-4D23-AAF2-E4C8DF1BC2BA}.Debug|Any CPU.Build.0 = Debug|Any CPU
		{41AC479E-1EB2-4D23-AAF2-E4C8DF1BC2BA}.Debug|ARM.ActiveCfg = Debug|Any CPU
		{41AC479E-1EB2-4D23-AAF2-E4C8DF1BC2BA}.Debug|Mixed Platforms.ActiveCfg = Debug|Any CPU
		{41AC479E-1EB2-4D23-AAF2-E4C8DF1BC2BA}.Debug|Mixed Platforms.Build.0 = Debug|Any CPU
		{41AC479E-1EB2-4D23-AAF2-E4C8DF1BC2BA}.Debug|x64.ActiveCfg = Debug|Any CPU
		{41AC479E-1EB2-4D23-AAF2-E4C8DF1BC2BA}.Debug|x86.ActiveCfg = Debug|Any CPU
		{41AC479E-1EB2-4D23-AAF2-E4C8DF1BC2BA}.net_2_0_Debug|Any CPU.ActiveCfg = Debug|Any CPU
		{41AC479E-1EB2-4D23-AAF2-E4C8DF1BC2BA}.net_2_0_Debug|Any CPU.Build.0 = Debug|Any CPU
		{41AC479E-1EB2-4D23-AAF2-E4C8DF1BC2BA}.net_2_0_Debug|ARM.ActiveCfg = Debug|Any CPU
		{41AC479E-1EB2-4D23-AAF2-E4C8DF1BC2BA}.net_2_0_Debug|Mixed Platforms.ActiveCfg = Debug|Any CPU
		{41AC479E-1EB2-4D23-AAF2-E4C8DF1BC2BA}.net_2_0_Debug|Mixed Platforms.Build.0 = Debug|Any CPU
		{41AC479E-1EB2-4D23-AAF2-E4C8DF1BC2BA}.net_2_0_Debug|x64.ActiveCfg = Debug|Any CPU
		{41AC479E-1EB2-4D23-AAF2-E4C8DF1BC2BA}.net_2_0_Debug|x86.ActiveCfg = Debug|Any CPU
		{41AC479E-1EB2-4D23-AAF2-E4C8DF1BC2BA}.net_2_0_Release|Any CPU.ActiveCfg = Release|Any CPU
		{41AC479E-1EB2-4D23-AAF2-E4C8DF1BC2BA}.net_2_0_Release|Any CPU.Build.0 = Release|Any CPU
		{41AC479E-1EB2-4D23-AAF2-E4C8DF1BC2BA}.net_2_0_Release|ARM.ActiveCfg = Release|Any CPU
		{41AC479E-1EB2-4D23-AAF2-E4C8DF1BC2BA}.net_2_0_Release|Mixed Platforms.ActiveCfg = Release|Any CPU
		{41AC479E-1EB2-4D23-AAF2-E4C8DF1BC2BA}.net_2_0_Release|Mixed Platforms.Build.0 = Release|Any CPU
		{41AC479E-1EB2-4D23-AAF2-E4C8DF1BC2BA}.net_2_0_Release|x64.ActiveCfg = Release|Any CPU
		{41AC479E-1EB2-4D23-AAF2-E4C8DF1BC2BA}.net_2_0_Release|x86.ActiveCfg = Release|Any CPU
		{41AC479E-1EB2-4D23-AAF2-E4C8DF1BC2BA}.net_3_5_Debug|Any CPU.ActiveCfg = Debug|Any CPU
		{41AC479E-1EB2-4D23-AAF2-E4C8DF1BC2BA}.net_3_5_Debug|Any CPU.Build.0 = Debug|Any CPU
		{41AC479E-1EB2-4D23-AAF2-E4C8DF1BC2BA}.net_3_5_Debug|ARM.ActiveCfg = Debug|Any CPU
		{41AC479E-1EB2-4D23-AAF2-E4C8DF1BC2BA}.net_3_5_Debug|Mixed Platforms.ActiveCfg = Debug|Any CPU
		{41AC479E-1EB2-4D23-AAF2-E4C8DF1BC2BA}.net_3_5_Debug|Mixed Platforms.Build.0 = Debug|Any CPU
		{41AC479E-1EB2-4D23-AAF2-E4C8DF1BC2BA}.net_3_5_Debug|x64.ActiveCfg = Debug|Any CPU
		{41AC479E-1EB2-4D23-AAF2-E4C8DF1BC2BA}.net_3_5_Debug|x86.ActiveCfg = Debug|Any CPU
		{41AC479E-1EB2-4D23-AAF2-E4C8DF1BC2BA}.net_3_5_Release|Any CPU.ActiveCfg = Release|Any CPU
		{41AC479E-1EB2-4D23-AAF2-E4C8DF1BC2BA}.net_3_5_Release|Any CPU.Build.0 = Release|Any CPU
		{41AC479E-1EB2-4D23-AAF2-E4C8DF1BC2BA}.net_3_5_Release|ARM.ActiveCfg = Release|Any CPU
		{41AC479E-1EB2-4D23-AAF2-E4C8DF1BC2BA}.net_3_5_Release|Mixed Platforms.ActiveCfg = Release|Any CPU
		{41AC479E-1EB2-4D23-AAF2-E4C8DF1BC2BA}.net_3_5_Release|Mixed Platforms.Build.0 = Release|Any CPU
		{41AC479E-1EB2-4D23-AAF2-E4C8DF1BC2BA}.net_3_5_Release|x64.ActiveCfg = Release|Any CPU
		{41AC479E-1EB2-4D23-AAF2-E4C8DF1BC2BA}.net_3_5_Release|x86.ActiveCfg = Release|Any CPU
		{41AC479E-1EB2-4D23-AAF2-E4C8DF1BC2BA}.net_4_0_Debug|Any CPU.ActiveCfg = Debug|Any CPU
		{41AC479E-1EB2-4D23-AAF2-E4C8DF1BC2BA}.net_4_0_Debug|Any CPU.Build.0 = Debug|Any CPU
		{41AC479E-1EB2-4D23-AAF2-E4C8DF1BC2BA}.net_4_0_Debug|ARM.ActiveCfg = Debug|Any CPU
		{41AC479E-1EB2-4D23-AAF2-E4C8DF1BC2BA}.net_4_0_Debug|Mixed Platforms.ActiveCfg = Debug|Any CPU
		{41AC479E-1EB2-4D23-AAF2-E4C8DF1BC2BA}.net_4_0_Debug|Mixed Platforms.Build.0 = Debug|Any CPU
		{41AC479E-1EB2-4D23-AAF2-E4C8DF1BC2BA}.net_4_0_Debug|x64.ActiveCfg = Debug|Any CPU
		{41AC479E-1EB2-4D23-AAF2-E4C8DF1BC2BA}.net_4_0_Debug|x86.ActiveCfg = Debug|Any CPU
		{41AC479E-1EB2-4D23-AAF2-E4C8DF1BC2BA}.net_4_0_Release|Any CPU.ActiveCfg = Release|Any CPU
		{41AC479E-1EB2-4D23-AAF2-E4C8DF1BC2BA}.net_4_0_Release|Any CPU.Build.0 = Release|Any CPU
		{41AC479E-1EB2-4D23-AAF2-E4C8DF1BC2BA}.net_4_0_Release|ARM.ActiveCfg = Release|Any CPU
		{41AC479E-1EB2-4D23-AAF2-E4C8DF1BC2BA}.net_4_0_Release|Mixed Platforms.ActiveCfg = Release|Any CPU
		{41AC479E-1EB2-4D23-AAF2-E4C8DF1BC2BA}.net_4_0_Release|Mixed Platforms.Build.0 = Release|Any CPU
		{41AC479E-1EB2-4D23-AAF2-E4C8DF1BC2BA}.net_4_0_Release|x64.ActiveCfg = Release|Any CPU
		{41AC479E-1EB2-4D23-AAF2-E4C8DF1BC2BA}.net_4_0_Release|x86.ActiveCfg = Release|Any CPU
		{41AC479E-1EB2-4D23-AAF2-E4C8DF1BC2BA}.net_4_5_Debug|Any CPU.ActiveCfg = Debug|Any CPU
		{41AC479E-1EB2-4D23-AAF2-E4C8DF1BC2BA}.net_4_5_Debug|Any CPU.Build.0 = Debug|Any CPU
		{41AC479E-1EB2-4D23-AAF2-E4C8DF1BC2BA}.net_4_5_Debug|ARM.ActiveCfg = Debug|Any CPU
		{41AC479E-1EB2-4D23-AAF2-E4C8DF1BC2BA}.net_4_5_Debug|Mixed Platforms.ActiveCfg = Debug|Any CPU
		{41AC479E-1EB2-4D23-AAF2-E4C8DF1BC2BA}.net_4_5_Debug|Mixed Platforms.Build.0 = Debug|Any CPU
		{41AC479E-1EB2-4D23-AAF2-E4C8DF1BC2BA}.net_4_5_Debug|x64.ActiveCfg = Debug|Any CPU
		{41AC479E-1EB2-4D23-AAF2-E4C8DF1BC2BA}.net_4_5_Debug|x86.ActiveCfg = Debug|Any CPU
		{41AC479E-1EB2-4D23-AAF2-E4C8DF1BC2BA}.net_4_5_Release|Any CPU.ActiveCfg = Release|Any CPU
		{41AC479E-1EB2-4D23-AAF2-E4C8DF1BC2BA}.net_4_5_Release|Any CPU.Build.0 = Release|Any CPU
		{41AC479E-1EB2-4D23-AAF2-E4C8DF1BC2BA}.net_4_5_Release|ARM.ActiveCfg = Release|Any CPU
		{41AC479E-1EB2-4D23-AAF2-E4C8DF1BC2BA}.net_4_5_Release|Mixed Platforms.ActiveCfg = Release|Any CPU
		{41AC479E-1EB2-4D23-AAF2-E4C8DF1BC2BA}.net_4_5_Release|Mixed Platforms.Build.0 = Release|Any CPU
		{41AC479E-1EB2-4D23-AAF2-E4C8DF1BC2BA}.net_4_5_Release|x64.ActiveCfg = Release|Any CPU
		{41AC479E-1EB2-4D23-AAF2-E4C8DF1BC2BA}.net_4_5_Release|x86.ActiveCfg = Release|Any CPU
		{41AC479E-1EB2-4D23-AAF2-E4C8DF1BC2BA}.Release|Any CPU.ActiveCfg = Release|Any CPU
		{41AC479E-1EB2-4D23-AAF2-E4C8DF1BC2BA}.Release|Any CPU.Build.0 = Release|Any CPU
		{41AC479E-1EB2-4D23-AAF2-E4C8DF1BC2BA}.Release|ARM.ActiveCfg = Release|Any CPU
		{41AC479E-1EB2-4D23-AAF2-E4C8DF1BC2BA}.Release|Mixed Platforms.ActiveCfg = Release|Any CPU
		{41AC479E-1EB2-4D23-AAF2-E4C8DF1BC2BA}.Release|Mixed Platforms.Build.0 = Release|Any CPU
		{41AC479E-1EB2-4D23-AAF2-E4C8DF1BC2BA}.Release|x64.ActiveCfg = Release|Any CPU
		{41AC479E-1EB2-4D23-AAF2-E4C8DF1BC2BA}.Release|x86.ActiveCfg = Release|Any CPU
		{41AC479E-1EB2-4D23-AAF2-E4C8DF1BC2BA}.silverlight_Debug|Any CPU.ActiveCfg = Debug|Any CPU
		{41AC479E-1EB2-4D23-AAF2-E4C8DF1BC2BA}.silverlight_Debug|Any CPU.Build.0 = Debug|Any CPU
		{41AC479E-1EB2-4D23-AAF2-E4C8DF1BC2BA}.silverlight_Debug|ARM.ActiveCfg = Debug|Any CPU
		{41AC479E-1EB2-4D23-AAF2-E4C8DF1BC2BA}.silverlight_Debug|Mixed Platforms.ActiveCfg = Debug|Any CPU
		{41AC479E-1EB2-4D23-AAF2-E4C8DF1BC2BA}.silverlight_Debug|Mixed Platforms.Build.0 = Debug|Any CPU
		{41AC479E-1EB2-4D23-AAF2-E4C8DF1BC2BA}.silverlight_Debug|x64.ActiveCfg = Debug|Any CPU
		{41AC479E-1EB2-4D23-AAF2-E4C8DF1BC2BA}.silverlight_Debug|x86.ActiveCfg = Debug|Any CPU
		{41AC479E-1EB2-4D23-AAF2-E4C8DF1BC2BA}.silverlight_Release|Any CPU.ActiveCfg = Release|Any CPU
		{41AC479E-1EB2-4D23-AAF2-E4C8DF1BC2BA}.silverlight_Release|Any CPU.Build.0 = Release|Any CPU
		{41AC479E-1EB2-4D23-AAF2-E4C8DF1BC2BA}.silverlight_Release|ARM.ActiveCfg = Release|Any CPU
		{41AC479E-1EB2-4D23-AAF2-E4C8DF1BC2BA}.silverlight_Release|Mixed Platforms.ActiveCfg = Release|Any CPU
		{41AC479E-1EB2-4D23-AAF2-E4C8DF1BC2BA}.silverlight_Release|Mixed Platforms.Build.0 = Release|Any CPU
		{41AC479E-1EB2-4D23-AAF2-E4C8DF1BC2BA}.silverlight_Release|x64.ActiveCfg = Release|Any CPU
		{41AC479E-1EB2-4D23-AAF2-E4C8DF1BC2BA}.silverlight_Release|x86.ActiveCfg = Release|Any CPU
		{41AC479E-1EB2-4D23-AAF2-E4C8DF1BC2BA}.winphone_Debug|Any CPU.ActiveCfg = Debug|Any CPU
		{41AC479E-1EB2-4D23-AAF2-E4C8DF1BC2BA}.winphone_Debug|Any CPU.Build.0 = Debug|Any CPU
		{41AC479E-1EB2-4D23-AAF2-E4C8DF1BC2BA}.winphone_Debug|ARM.ActiveCfg = Debug|Any CPU
		{41AC479E-1EB2-4D23-AAF2-E4C8DF1BC2BA}.winphone_Debug|Mixed Platforms.ActiveCfg = Debug|Any CPU
		{41AC479E-1EB2-4D23-AAF2-E4C8DF1BC2BA}.winphone_Debug|Mixed Platforms.Build.0 = Debug|Any CPU
		{41AC479E-1EB2-4D23-AAF2-E4C8DF1BC2BA}.winphone_Debug|x64.ActiveCfg = Debug|Any CPU
		{41AC479E-1EB2-4D23-AAF2-E4C8DF1BC2BA}.winphone_Debug|x86.ActiveCfg = Debug|Any CPU
		{41AC479E-1EB2-4D23-AAF2-E4C8DF1BC2BA}.winphone_Release|Any CPU.ActiveCfg = Release|Any CPU
		{41AC479E-1EB2-4D23-AAF2-E4C8DF1BC2BA}.winphone_Release|Any CPU.Build.0 = Release|Any CPU
		{41AC479E-1EB2-4D23-AAF2-E4C8DF1BC2BA}.winphone_Release|ARM.ActiveCfg = Release|Any CPU
		{41AC479E-1EB2-4D23-AAF2-E4C8DF1BC2BA}.winphone_Release|Mixed Platforms.ActiveCfg = Release|Any CPU
		{41AC479E-1EB2-4D23-AAF2-E4C8DF1BC2BA}.winphone_Release|Mixed Platforms.Build.0 = Release|Any CPU
		{41AC479E-1EB2-4D23-AAF2-E4C8DF1BC2BA}.winphone_Release|x64.ActiveCfg = Release|Any CPU
		{41AC479E-1EB2-4D23-AAF2-E4C8DF1BC2BA}.winphone_Release|x86.ActiveCfg = Release|Any CPU
		{6828A6A5-B925-4716-8D08-2B26353C54C2}.Debug|Any CPU.ActiveCfg = Debug|Any CPU
		{6828A6A5-B925-4716-8D08-2B26353C54C2}.Debug|Any CPU.Build.0 = Debug|Any CPU
		{6828A6A5-B925-4716-8D08-2B26353C54C2}.Debug|ARM.ActiveCfg = Debug|Any CPU
		{6828A6A5-B925-4716-8D08-2B26353C54C2}.Debug|Mixed Platforms.ActiveCfg = Debug|Any CPU
		{6828A6A5-B925-4716-8D08-2B26353C54C2}.Debug|Mixed Platforms.Build.0 = Debug|Any CPU
		{6828A6A5-B925-4716-8D08-2B26353C54C2}.Debug|x64.ActiveCfg = Debug|Any CPU
		{6828A6A5-B925-4716-8D08-2B26353C54C2}.Debug|x86.ActiveCfg = Debug|Any CPU
		{6828A6A5-B925-4716-8D08-2B26353C54C2}.net_2_0_Debug|Any CPU.ActiveCfg = Debug|Any CPU
		{6828A6A5-B925-4716-8D08-2B26353C54C2}.net_2_0_Debug|Any CPU.Build.0 = Debug|Any CPU
		{6828A6A5-B925-4716-8D08-2B26353C54C2}.net_2_0_Debug|ARM.ActiveCfg = Debug|Any CPU
		{6828A6A5-B925-4716-8D08-2B26353C54C2}.net_2_0_Debug|Mixed Platforms.ActiveCfg = Debug|Any CPU
		{6828A6A5-B925-4716-8D08-2B26353C54C2}.net_2_0_Debug|Mixed Platforms.Build.0 = Debug|Any CPU
		{6828A6A5-B925-4716-8D08-2B26353C54C2}.net_2_0_Debug|x64.ActiveCfg = Debug|Any CPU
		{6828A6A5-B925-4716-8D08-2B26353C54C2}.net_2_0_Debug|x86.ActiveCfg = Debug|Any CPU
		{6828A6A5-B925-4716-8D08-2B26353C54C2}.net_2_0_Release|Any CPU.ActiveCfg = Release|Any CPU
		{6828A6A5-B925-4716-8D08-2B26353C54C2}.net_2_0_Release|Any CPU.Build.0 = Release|Any CPU
		{6828A6A5-B925-4716-8D08-2B26353C54C2}.net_2_0_Release|ARM.ActiveCfg = Release|Any CPU
		{6828A6A5-B925-4716-8D08-2B26353C54C2}.net_2_0_Release|Mixed Platforms.ActiveCfg = Release|Any CPU
		{6828A6A5-B925-4716-8D08-2B26353C54C2}.net_2_0_Release|Mixed Platforms.Build.0 = Release|Any CPU
		{6828A6A5-B925-4716-8D08-2B26353C54C2}.net_2_0_Release|x64.ActiveCfg = Release|Any CPU
		{6828A6A5-B925-4716-8D08-2B26353C54C2}.net_2_0_Release|x86.ActiveCfg = Release|Any CPU
		{6828A6A5-B925-4716-8D08-2B26353C54C2}.net_3_5_Debug|Any CPU.ActiveCfg = Debug|Any CPU
		{6828A6A5-B925-4716-8D08-2B26353C54C2}.net_3_5_Debug|Any CPU.Build.0 = Debug|Any CPU
		{6828A6A5-B925-4716-8D08-2B26353C54C2}.net_3_5_Debug|ARM.ActiveCfg = Debug|Any CPU
		{6828A6A5-B925-4716-8D08-2B26353C54C2}.net_3_5_Debug|Mixed Platforms.ActiveCfg = Debug|Any CPU
		{6828A6A5-B925-4716-8D08-2B26353C54C2}.net_3_5_Debug|Mixed Platforms.Build.0 = Debug|Any CPU
		{6828A6A5-B925-4716-8D08-2B26353C54C2}.net_3_5_Debug|x64.ActiveCfg = Debug|Any CPU
		{6828A6A5-B925-4716-8D08-2B26353C54C2}.net_3_5_Debug|x86.ActiveCfg = Debug|Any CPU
		{6828A6A5-B925-4716-8D08-2B26353C54C2}.net_3_5_Release|Any CPU.ActiveCfg = Release|Any CPU
		{6828A6A5-B925-4716-8D08-2B26353C54C2}.net_3_5_Release|Any CPU.Build.0 = Release|Any CPU
		{6828A6A5-B925-4716-8D08-2B26353C54C2}.net_3_5_Release|ARM.ActiveCfg = Release|Any CPU
		{6828A6A5-B925-4716-8D08-2B26353C54C2}.net_3_5_Release|Mixed Platforms.ActiveCfg = Release|Any CPU
		{6828A6A5-B925-4716-8D08-2B26353C54C2}.net_3_5_Release|Mixed Platforms.Build.0 = Release|Any CPU
		{6828A6A5-B925-4716-8D08-2B26353C54C2}.net_3_5_Release|x64.ActiveCfg = Release|Any CPU
		{6828A6A5-B925-4716-8D08-2B26353C54C2}.net_3_5_Release|x86.ActiveCfg = Release|Any CPU
		{6828A6A5-B925-4716-8D08-2B26353C54C2}.net_4_0_Debug|Any CPU.ActiveCfg = Debug|Any CPU
		{6828A6A5-B925-4716-8D08-2B26353C54C2}.net_4_0_Debug|Any CPU.Build.0 = Debug|Any CPU
		{6828A6A5-B925-4716-8D08-2B26353C54C2}.net_4_0_Debug|ARM.ActiveCfg = Debug|Any CPU
		{6828A6A5-B925-4716-8D08-2B26353C54C2}.net_4_0_Debug|Mixed Platforms.ActiveCfg = Debug|Any CPU
		{6828A6A5-B925-4716-8D08-2B26353C54C2}.net_4_0_Debug|Mixed Platforms.Build.0 = Debug|Any CPU
		{6828A6A5-B925-4716-8D08-2B26353C54C2}.net_4_0_Debug|x64.ActiveCfg = Debug|Any CPU
		{6828A6A5-B925-4716-8D08-2B26353C54C2}.net_4_0_Debug|x86.ActiveCfg = Debug|Any CPU
		{6828A6A5-B925-4716-8D08-2B26353C54C2}.net_4_0_Release|Any CPU.ActiveCfg = Release|Any CPU
		{6828A6A5-B925-4716-8D08-2B26353C54C2}.net_4_0_Release|Any CPU.Build.0 = Release|Any CPU
		{6828A6A5-B925-4716-8D08-2B26353C54C2}.net_4_0_Release|ARM.ActiveCfg = Release|Any CPU
		{6828A6A5-B925-4716-8D08-2B26353C54C2}.net_4_0_Release|Mixed Platforms.ActiveCfg = Release|Any CPU
		{6828A6A5-B925-4716-8D08-2B26353C54C2}.net_4_0_Release|Mixed Platforms.Build.0 = Release|Any CPU
		{6828A6A5-B925-4716-8D08-2B26353C54C2}.net_4_0_Release|x64.ActiveCfg = Release|Any CPU
		{6828A6A5-B925-4716-8D08-2B26353C54C2}.net_4_0_Release|x86.ActiveCfg = Release|Any CPU
		{6828A6A5-B925-4716-8D08-2B26353C54C2}.net_4_5_Debug|Any CPU.ActiveCfg = Debug|Any CPU
		{6828A6A5-B925-4716-8D08-2B26353C54C2}.net_4_5_Debug|Any CPU.Build.0 = Debug|Any CPU
		{6828A6A5-B925-4716-8D08-2B26353C54C2}.net_4_5_Debug|ARM.ActiveCfg = Debug|Any CPU
		{6828A6A5-B925-4716-8D08-2B26353C54C2}.net_4_5_Debug|Mixed Platforms.ActiveCfg = Debug|Any CPU
		{6828A6A5-B925-4716-8D08-2B26353C54C2}.net_4_5_Debug|Mixed Platforms.Build.0 = Debug|Any CPU
		{6828A6A5-B925-4716-8D08-2B26353C54C2}.net_4_5_Debug|x64.ActiveCfg = Debug|Any CPU
		{6828A6A5-B925-4716-8D08-2B26353C54C2}.net_4_5_Debug|x86.ActiveCfg = Debug|Any CPU
		{6828A6A5-B925-4716-8D08-2B26353C54C2}.net_4_5_Release|Any CPU.ActiveCfg = Release|Any CPU
		{6828A6A5-B925-4716-8D08-2B26353C54C2}.net_4_5_Release|Any CPU.Build.0 = Release|Any CPU
		{6828A6A5-B925-4716-8D08-2B26353C54C2}.net_4_5_Release|ARM.ActiveCfg = Release|Any CPU
		{6828A6A5-B925-4716-8D08-2B26353C54C2}.net_4_5_Release|Mixed Platforms.ActiveCfg = Release|Any CPU
		{6828A6A5-B925-4716-8D08-2B26353C54C2}.net_4_5_Release|Mixed Platforms.Build.0 = Release|Any CPU
		{6828A6A5-B925-4716-8D08-2B26353C54C2}.net_4_5_Release|x64.ActiveCfg = Release|Any CPU
		{6828A6A5-B925-4716-8D08-2B26353C54C2}.net_4_5_Release|x86.ActiveCfg = Release|Any CPU
		{6828A6A5-B925-4716-8D08-2B26353C54C2}.Release|Any CPU.ActiveCfg = Release|Any CPU
		{6828A6A5-B925-4716-8D08-2B26353C54C2}.Release|Any CPU.Build.0 = Release|Any CPU
		{6828A6A5-B925-4716-8D08-2B26353C54C2}.Release|ARM.ActiveCfg = Release|Any CPU
		{6828A6A5-B925-4716-8D08-2B26353C54C2}.Release|Mixed Platforms.ActiveCfg = Release|Any CPU
		{6828A6A5-B925-4716-8D08-2B26353C54C2}.Release|Mixed Platforms.Build.0 = Release|Any CPU
		{6828A6A5-B925-4716-8D08-2B26353C54C2}.Release|x64.ActiveCfg = Release|Any CPU
		{6828A6A5-B925-4716-8D08-2B26353C54C2}.Release|x86.ActiveCfg = Release|Any CPU
		{6828A6A5-B925-4716-8D08-2B26353C54C2}.silverlight_Debug|Any CPU.ActiveCfg = Debug|Any CPU
		{6828A6A5-B925-4716-8D08-2B26353C54C2}.silverlight_Debug|Any CPU.Build.0 = Debug|Any CPU
		{6828A6A5-B925-4716-8D08-2B26353C54C2}.silverlight_Debug|ARM.ActiveCfg = Debug|Any CPU
		{6828A6A5-B925-4716-8D08-2B26353C54C2}.silverlight_Debug|Mixed Platforms.ActiveCfg = Debug|Any CPU
		{6828A6A5-B925-4716-8D08-2B26353C54C2}.silverlight_Debug|Mixed Platforms.Build.0 = Debug|Any CPU
		{6828A6A5-B925-4716-8D08-2B26353C54C2}.silverlight_Debug|x64.ActiveCfg = Debug|Any CPU
		{6828A6A5-B925-4716-8D08-2B26353C54C2}.silverlight_Debug|x86.ActiveCfg = Debug|Any CPU
		{6828A6A5-B925-4716-8D08-2B26353C54C2}.silverlight_Release|Any CPU.ActiveCfg = Release|Any CPU
		{6828A6A5-B925-4716-8D08-2B26353C54C2}.silverlight_Release|Any CPU.Build.0 = Release|Any CPU
		{6828A6A5-B925-4716-8D08-2B26353C54C2}.silverlight_Release|ARM.ActiveCfg = Release|Any CPU
		{6828A6A5-B925-4716-8D08-2B26353C54C2}.silverlight_Release|Mixed Platforms.ActiveCfg = Release|Any CPU
		{6828A6A5-B925-4716-8D08-2B26353C54C2}.silverlight_Release|Mixed Platforms.Build.0 = Release|Any CPU
		{6828A6A5-B925-4716-8D08-2B26353C54C2}.silverlight_Release|x64.ActiveCfg = Release|Any CPU
		{6828A6A5-B925-4716-8D08-2B26353C54C2}.silverlight_Release|x86.ActiveCfg = Release|Any CPU
		{6828A6A5-B925-4716-8D08-2B26353C54C2}.winphone_Debug|Any CPU.ActiveCfg = Debug|Any CPU
		{6828A6A5-B925-4716-8D08-2B26353C54C2}.winphone_Debug|Any CPU.Build.0 = Debug|Any CPU
		{6828A6A5-B925-4716-8D08-2B26353C54C2}.winphone_Debug|ARM.ActiveCfg = Debug|Any CPU
		{6828A6A5-B925-4716-8D08-2B26353C54C2}.winphone_Debug|Mixed Platforms.ActiveCfg = Debug|Any CPU
		{6828A6A5-B925-4716-8D08-2B26353C54C2}.winphone_Debug|Mixed Platforms.Build.0 = Debug|Any CPU
		{6828A6A5-B925-4716-8D08-2B26353C54C2}.winphone_Debug|x64.ActiveCfg = Debug|Any CPU
		{6828A6A5-B925-4716-8D08-2B26353C54C2}.winphone_Debug|x86.ActiveCfg = Debug|Any CPU
		{6828A6A5-B925-4716-8D08-2B26353C54C2}.winphone_Release|Any CPU.ActiveCfg = Release|Any CPU
		{6828A6A5-B925-4716-8D08-2B26353C54C2}.winphone_Release|Any CPU.Build.0 = Release|Any CPU
		{6828A6A5-B925-4716-8D08-2B26353C54C2}.winphone_Release|ARM.ActiveCfg = Release|Any CPU
		{6828A6A5-B925-4716-8D08-2B26353C54C2}.winphone_Release|Mixed Platforms.ActiveCfg = Release|Any CPU
		{6828A6A5-B925-4716-8D08-2B26353C54C2}.winphone_Release|Mixed Platforms.Build.0 = Release|Any CPU
		{6828A6A5-B925-4716-8D08-2B26353C54C2}.winphone_Release|x64.ActiveCfg = Release|Any CPU
		{6828A6A5-B925-4716-8D08-2B26353C54C2}.winphone_Release|x86.ActiveCfg = Release|Any CPU
		{8A1DB308-D56B-49BC-A421-A2AB32617215}.Debug|Any CPU.ActiveCfg = Debug|Any CPU
		{8A1DB308-D56B-49BC-A421-A2AB32617215}.Debug|Any CPU.Build.0 = Debug|Any CPU
		{8A1DB308-D56B-49BC-A421-A2AB32617215}.Debug|ARM.ActiveCfg = Debug|Any CPU
		{8A1DB308-D56B-49BC-A421-A2AB32617215}.Debug|Mixed Platforms.ActiveCfg = Debug|Any CPU
		{8A1DB308-D56B-49BC-A421-A2AB32617215}.Debug|Mixed Platforms.Build.0 = Debug|Any CPU
		{8A1DB308-D56B-49BC-A421-A2AB32617215}.Debug|x64.ActiveCfg = Debug|Any CPU
		{8A1DB308-D56B-49BC-A421-A2AB32617215}.Debug|x86.ActiveCfg = Debug|Any CPU
		{8A1DB308-D56B-49BC-A421-A2AB32617215}.net_2_0_Debug|Any CPU.ActiveCfg = Debug|Any CPU
		{8A1DB308-D56B-49BC-A421-A2AB32617215}.net_2_0_Debug|Any CPU.Build.0 = Debug|Any CPU
		{8A1DB308-D56B-49BC-A421-A2AB32617215}.net_2_0_Debug|ARM.ActiveCfg = Debug|Any CPU
		{8A1DB308-D56B-49BC-A421-A2AB32617215}.net_2_0_Debug|Mixed Platforms.ActiveCfg = Debug|Any CPU
		{8A1DB308-D56B-49BC-A421-A2AB32617215}.net_2_0_Debug|Mixed Platforms.Build.0 = Debug|Any CPU
		{8A1DB308-D56B-49BC-A421-A2AB32617215}.net_2_0_Debug|x64.ActiveCfg = Debug|Any CPU
		{8A1DB308-D56B-49BC-A421-A2AB32617215}.net_2_0_Debug|x86.ActiveCfg = Debug|Any CPU
		{8A1DB308-D56B-49BC-A421-A2AB32617215}.net_2_0_Release|Any CPU.ActiveCfg = Release|Any CPU
		{8A1DB308-D56B-49BC-A421-A2AB32617215}.net_2_0_Release|Any CPU.Build.0 = Release|Any CPU
		{8A1DB308-D56B-49BC-A421-A2AB32617215}.net_2_0_Release|ARM.ActiveCfg = Release|Any CPU
		{8A1DB308-D56B-49BC-A421-A2AB32617215}.net_2_0_Release|Mixed Platforms.ActiveCfg = Release|Any CPU
		{8A1DB308-D56B-49BC-A421-A2AB32617215}.net_2_0_Release|Mixed Platforms.Build.0 = Release|Any CPU
		{8A1DB308-D56B-49BC-A421-A2AB32617215}.net_2_0_Release|x64.ActiveCfg = Release|Any CPU
		{8A1DB308-D56B-49BC-A421-A2AB32617215}.net_2_0_Release|x86.ActiveCfg = Release|Any CPU
		{8A1DB308-D56B-49BC-A421-A2AB32617215}.net_3_5_Debug|Any CPU.ActiveCfg = Debug|Any CPU
		{8A1DB308-D56B-49BC-A421-A2AB32617215}.net_3_5_Debug|Any CPU.Build.0 = Debug|Any CPU
		{8A1DB308-D56B-49BC-A421-A2AB32617215}.net_3_5_Debug|ARM.ActiveCfg = Debug|Any CPU
		{8A1DB308-D56B-49BC-A421-A2AB32617215}.net_3_5_Debug|Mixed Platforms.ActiveCfg = Debug|Any CPU
		{8A1DB308-D56B-49BC-A421-A2AB32617215}.net_3_5_Debug|Mixed Platforms.Build.0 = Debug|Any CPU
		{8A1DB308-D56B-49BC-A421-A2AB32617215}.net_3_5_Debug|x64.ActiveCfg = Debug|Any CPU
		{8A1DB308-D56B-49BC-A421-A2AB32617215}.net_3_5_Debug|x86.ActiveCfg = Debug|Any CPU
		{8A1DB308-D56B-49BC-A421-A2AB32617215}.net_3_5_Release|Any CPU.ActiveCfg = Release|Any CPU
		{8A1DB308-D56B-49BC-A421-A2AB32617215}.net_3_5_Release|Any CPU.Build.0 = Release|Any CPU
		{8A1DB308-D56B-49BC-A421-A2AB32617215}.net_3_5_Release|ARM.ActiveCfg = Release|Any CPU
		{8A1DB308-D56B-49BC-A421-A2AB32617215}.net_3_5_Release|Mixed Platforms.ActiveCfg = Release|Any CPU
		{8A1DB308-D56B-49BC-A421-A2AB32617215}.net_3_5_Release|Mixed Platforms.Build.0 = Release|Any CPU
		{8A1DB308-D56B-49BC-A421-A2AB32617215}.net_3_5_Release|x64.ActiveCfg = Release|Any CPU
		{8A1DB308-D56B-49BC-A421-A2AB32617215}.net_3_5_Release|x86.ActiveCfg = Release|Any CPU
		{8A1DB308-D56B-49BC-A421-A2AB32617215}.net_4_0_Debug|Any CPU.ActiveCfg = Debug|Any CPU
		{8A1DB308-D56B-49BC-A421-A2AB32617215}.net_4_0_Debug|Any CPU.Build.0 = Debug|Any CPU
		{8A1DB308-D56B-49BC-A421-A2AB32617215}.net_4_0_Debug|ARM.ActiveCfg = Debug|Any CPU
		{8A1DB308-D56B-49BC-A421-A2AB32617215}.net_4_0_Debug|Mixed Platforms.ActiveCfg = Debug|Any CPU
		{8A1DB308-D56B-49BC-A421-A2AB32617215}.net_4_0_Debug|Mixed Platforms.Build.0 = Debug|Any CPU
		{8A1DB308-D56B-49BC-A421-A2AB32617215}.net_4_0_Debug|x64.ActiveCfg = Debug|Any CPU
		{8A1DB308-D56B-49BC-A421-A2AB32617215}.net_4_0_Debug|x86.ActiveCfg = Debug|Any CPU
		{8A1DB308-D56B-49BC-A421-A2AB32617215}.net_4_0_Release|Any CPU.ActiveCfg = Release|Any CPU
		{8A1DB308-D56B-49BC-A421-A2AB32617215}.net_4_0_Release|Any CPU.Build.0 = Release|Any CPU
		{8A1DB308-D56B-49BC-A421-A2AB32617215}.net_4_0_Release|ARM.ActiveCfg = Release|Any CPU
		{8A1DB308-D56B-49BC-A421-A2AB32617215}.net_4_0_Release|Mixed Platforms.ActiveCfg = Release|Any CPU
		{8A1DB308-D56B-49BC-A421-A2AB32617215}.net_4_0_Release|Mixed Platforms.Build.0 = Release|Any CPU
		{8A1DB308-D56B-49BC-A421-A2AB32617215}.net_4_0_Release|x64.ActiveCfg = Release|Any CPU
		{8A1DB308-D56B-49BC-A421-A2AB32617215}.net_4_0_Release|x86.ActiveCfg = Release|Any CPU
		{8A1DB308-D56B-49BC-A421-A2AB32617215}.net_4_5_Debug|Any CPU.ActiveCfg = Debug|Any CPU
		{8A1DB308-D56B-49BC-A421-A2AB32617215}.net_4_5_Debug|Any CPU.Build.0 = Debug|Any CPU
		{8A1DB308-D56B-49BC-A421-A2AB32617215}.net_4_5_Debug|ARM.ActiveCfg = Debug|Any CPU
		{8A1DB308-D56B-49BC-A421-A2AB32617215}.net_4_5_Debug|Mixed Platforms.ActiveCfg = Debug|Any CPU
		{8A1DB308-D56B-49BC-A421-A2AB32617215}.net_4_5_Debug|Mixed Platforms.Build.0 = Debug|Any CPU
		{8A1DB308-D56B-49BC-A421-A2AB32617215}.net_4_5_Debug|x64.ActiveCfg = Debug|Any CPU
		{8A1DB308-D56B-49BC-A421-A2AB32617215}.net_4_5_Debug|x86.ActiveCfg = Debug|Any CPU
		{8A1DB308-D56B-49BC-A421-A2AB32617215}.net_4_5_Release|Any CPU.ActiveCfg = Release|Any CPU
		{8A1DB308-D56B-49BC-A421-A2AB32617215}.net_4_5_Release|Any CPU.Build.0 = Release|Any CPU
		{8A1DB308-D56B-49BC-A421-A2AB32617215}.net_4_5_Release|ARM.ActiveCfg = Release|Any CPU
		{8A1DB308-D56B-49BC-A421-A2AB32617215}.net_4_5_Release|Mixed Platforms.ActiveCfg = Release|Any CPU
		{8A1DB308-D56B-49BC-A421-A2AB32617215}.net_4_5_Release|Mixed Platforms.Build.0 = Release|Any CPU
		{8A1DB308-D56B-49BC-A421-A2AB32617215}.net_4_5_Release|x64.ActiveCfg = Release|Any CPU
		{8A1DB308-D56B-49BC-A421-A2AB32617215}.net_4_5_Release|x86.ActiveCfg = Release|Any CPU
		{8A1DB308-D56B-49BC-A421-A2AB32617215}.Release|Any CPU.ActiveCfg = Release|Any CPU
		{8A1DB308-D56B-49BC-A421-A2AB32617215}.Release|Any CPU.Build.0 = Release|Any CPU
		{8A1DB308-D56B-49BC-A421-A2AB32617215}.Release|ARM.ActiveCfg = Release|Any CPU
		{8A1DB308-D56B-49BC-A421-A2AB32617215}.Release|Mixed Platforms.ActiveCfg = Release|Any CPU
		{8A1DB308-D56B-49BC-A421-A2AB32617215}.Release|Mixed Platforms.Build.0 = Release|Any CPU
		{8A1DB308-D56B-49BC-A421-A2AB32617215}.Release|x64.ActiveCfg = Release|Any CPU
		{8A1DB308-D56B-49BC-A421-A2AB32617215}.Release|x86.ActiveCfg = Release|Any CPU
		{8A1DB308-D56B-49BC-A421-A2AB32617215}.silverlight_Debug|Any CPU.ActiveCfg = Debug|Any CPU
		{8A1DB308-D56B-49BC-A421-A2AB32617215}.silverlight_Debug|Any CPU.Build.0 = Debug|Any CPU
		{8A1DB308-D56B-49BC-A421-A2AB32617215}.silverlight_Debug|ARM.ActiveCfg = Debug|Any CPU
		{8A1DB308-D56B-49BC-A421-A2AB32617215}.silverlight_Debug|Mixed Platforms.ActiveCfg = Debug|Any CPU
		{8A1DB308-D56B-49BC-A421-A2AB32617215}.silverlight_Debug|Mixed Platforms.Build.0 = Debug|Any CPU
		{8A1DB308-D56B-49BC-A421-A2AB32617215}.silverlight_Debug|x64.ActiveCfg = Debug|Any CPU
		{8A1DB308-D56B-49BC-A421-A2AB32617215}.silverlight_Debug|x86.ActiveCfg = Debug|Any CPU
		{8A1DB308-D56B-49BC-A421-A2AB32617215}.silverlight_Release|Any CPU.ActiveCfg = Release|Any CPU
		{8A1DB308-D56B-49BC-A421-A2AB32617215}.silverlight_Release|Any CPU.Build.0 = Release|Any CPU
		{8A1DB308-D56B-49BC-A421-A2AB32617215}.silverlight_Release|ARM.ActiveCfg = Release|Any CPU
		{8A1DB308-D56B-49BC-A421-A2AB32617215}.silverlight_Release|Mixed Platforms.ActiveCfg = Release|Any CPU
		{8A1DB308-D56B-49BC-A421-A2AB32617215}.silverlight_Release|Mixed Platforms.Build.0 = Release|Any CPU
		{8A1DB308-D56B-49BC-A421-A2AB32617215}.silverlight_Release|x64.ActiveCfg = Release|Any CPU
		{8A1DB308-D56B-49BC-A421-A2AB32617215}.silverlight_Release|x86.ActiveCfg = Release|Any CPU
		{8A1DB308-D56B-49BC-A421-A2AB32617215}.winphone_Debug|Any CPU.ActiveCfg = Debug|Any CPU
		{8A1DB308-D56B-49BC-A421-A2AB32617215}.winphone_Debug|Any CPU.Build.0 = Debug|Any CPU
		{8A1DB308-D56B-49BC-A421-A2AB32617215}.winphone_Debug|ARM.ActiveCfg = Debug|Any CPU
		{8A1DB308-D56B-49BC-A421-A2AB32617215}.winphone_Debug|Mixed Platforms.ActiveCfg = Debug|Any CPU
		{8A1DB308-D56B-49BC-A421-A2AB32617215}.winphone_Debug|Mixed Platforms.Build.0 = Debug|Any CPU
		{8A1DB308-D56B-49BC-A421-A2AB32617215}.winphone_Debug|x64.ActiveCfg = Debug|Any CPU
		{8A1DB308-D56B-49BC-A421-A2AB32617215}.winphone_Debug|x86.ActiveCfg = Debug|Any CPU
		{8A1DB308-D56B-49BC-A421-A2AB32617215}.winphone_Release|Any CPU.ActiveCfg = Release|Any CPU
		{8A1DB308-D56B-49BC-A421-A2AB32617215}.winphone_Release|Any CPU.Build.0 = Release|Any CPU
		{8A1DB308-D56B-49BC-A421-A2AB32617215}.winphone_Release|ARM.ActiveCfg = Release|Any CPU
		{8A1DB308-D56B-49BC-A421-A2AB32617215}.winphone_Release|Mixed Platforms.ActiveCfg = Release|Any CPU
		{8A1DB308-D56B-49BC-A421-A2AB32617215}.winphone_Release|Mixed Platforms.Build.0 = Release|Any CPU
		{8A1DB308-D56B-49BC-A421-A2AB32617215}.winphone_Release|x64.ActiveCfg = Release|Any CPU
		{8A1DB308-D56B-49BC-A421-A2AB32617215}.winphone_Release|x86.ActiveCfg = Release|Any CPU
		{129E5462-F398-499C-B69B-FC07666C6A31}.Debug|Any CPU.ActiveCfg = Debug|Any CPU
		{129E5462-F398-499C-B69B-FC07666C6A31}.Debug|Any CPU.Build.0 = Debug|Any CPU
		{129E5462-F398-499C-B69B-FC07666C6A31}.Debug|ARM.ActiveCfg = Debug|Any CPU
		{129E5462-F398-499C-B69B-FC07666C6A31}.Debug|Mixed Platforms.ActiveCfg = Debug|Any CPU
		{129E5462-F398-499C-B69B-FC07666C6A31}.Debug|Mixed Platforms.Build.0 = Debug|Any CPU
		{129E5462-F398-499C-B69B-FC07666C6A31}.Debug|x64.ActiveCfg = Debug|Any CPU
		{129E5462-F398-499C-B69B-FC07666C6A31}.Debug|x86.ActiveCfg = Debug|Any CPU
		{129E5462-F398-499C-B69B-FC07666C6A31}.net_2_0_Debug|Any CPU.ActiveCfg = Debug|Any CPU
		{129E5462-F398-499C-B69B-FC07666C6A31}.net_2_0_Debug|Any CPU.Build.0 = Debug|Any CPU
		{129E5462-F398-499C-B69B-FC07666C6A31}.net_2_0_Debug|ARM.ActiveCfg = Debug|Any CPU
		{129E5462-F398-499C-B69B-FC07666C6A31}.net_2_0_Debug|Mixed Platforms.ActiveCfg = Debug|Any CPU
		{129E5462-F398-499C-B69B-FC07666C6A31}.net_2_0_Debug|Mixed Platforms.Build.0 = Debug|Any CPU
		{129E5462-F398-499C-B69B-FC07666C6A31}.net_2_0_Debug|x64.ActiveCfg = Debug|Any CPU
		{129E5462-F398-499C-B69B-FC07666C6A31}.net_2_0_Debug|x86.ActiveCfg = Debug|Any CPU
		{129E5462-F398-499C-B69B-FC07666C6A31}.net_2_0_Release|Any CPU.ActiveCfg = Release|Any CPU
		{129E5462-F398-499C-B69B-FC07666C6A31}.net_2_0_Release|Any CPU.Build.0 = Release|Any CPU
		{129E5462-F398-499C-B69B-FC07666C6A31}.net_2_0_Release|ARM.ActiveCfg = Release|Any CPU
		{129E5462-F398-499C-B69B-FC07666C6A31}.net_2_0_Release|Mixed Platforms.ActiveCfg = Release|Any CPU
		{129E5462-F398-499C-B69B-FC07666C6A31}.net_2_0_Release|Mixed Platforms.Build.0 = Release|Any CPU
		{129E5462-F398-499C-B69B-FC07666C6A31}.net_2_0_Release|x64.ActiveCfg = Release|Any CPU
		{129E5462-F398-499C-B69B-FC07666C6A31}.net_2_0_Release|x86.ActiveCfg = Release|Any CPU
		{129E5462-F398-499C-B69B-FC07666C6A31}.net_3_5_Debug|Any CPU.ActiveCfg = Debug|Any CPU
		{129E5462-F398-499C-B69B-FC07666C6A31}.net_3_5_Debug|Any CPU.Build.0 = Debug|Any CPU
		{129E5462-F398-499C-B69B-FC07666C6A31}.net_3_5_Debug|ARM.ActiveCfg = Debug|Any CPU
		{129E5462-F398-499C-B69B-FC07666C6A31}.net_3_5_Debug|Mixed Platforms.ActiveCfg = Debug|Any CPU
		{129E5462-F398-499C-B69B-FC07666C6A31}.net_3_5_Debug|Mixed Platforms.Build.0 = Debug|Any CPU
		{129E5462-F398-499C-B69B-FC07666C6A31}.net_3_5_Debug|x64.ActiveCfg = Debug|Any CPU
		{129E5462-F398-499C-B69B-FC07666C6A31}.net_3_5_Debug|x86.ActiveCfg = Debug|Any CPU
		{129E5462-F398-499C-B69B-FC07666C6A31}.net_3_5_Release|Any CPU.ActiveCfg = Release|Any CPU
		{129E5462-F398-499C-B69B-FC07666C6A31}.net_3_5_Release|Any CPU.Build.0 = Release|Any CPU
		{129E5462-F398-499C-B69B-FC07666C6A31}.net_3_5_Release|ARM.ActiveCfg = Release|Any CPU
		{129E5462-F398-499C-B69B-FC07666C6A31}.net_3_5_Release|Mixed Platforms.ActiveCfg = Release|Any CPU
		{129E5462-F398-499C-B69B-FC07666C6A31}.net_3_5_Release|Mixed Platforms.Build.0 = Release|Any CPU
		{129E5462-F398-499C-B69B-FC07666C6A31}.net_3_5_Release|x64.ActiveCfg = Release|Any CPU
		{129E5462-F398-499C-B69B-FC07666C6A31}.net_3_5_Release|x86.ActiveCfg = Release|Any CPU
		{129E5462-F398-499C-B69B-FC07666C6A31}.net_4_0_Debug|Any CPU.ActiveCfg = Debug|Any CPU
		{129E5462-F398-499C-B69B-FC07666C6A31}.net_4_0_Debug|Any CPU.Build.0 = Debug|Any CPU
		{129E5462-F398-499C-B69B-FC07666C6A31}.net_4_0_Debug|ARM.ActiveCfg = Debug|Any CPU
		{129E5462-F398-499C-B69B-FC07666C6A31}.net_4_0_Debug|Mixed Platforms.ActiveCfg = Debug|Any CPU
		{129E5462-F398-499C-B69B-FC07666C6A31}.net_4_0_Debug|Mixed Platforms.Build.0 = Debug|Any CPU
		{129E5462-F398-499C-B69B-FC07666C6A31}.net_4_0_Debug|x64.ActiveCfg = Debug|Any CPU
		{129E5462-F398-499C-B69B-FC07666C6A31}.net_4_0_Debug|x86.ActiveCfg = Debug|Any CPU
		{129E5462-F398-499C-B69B-FC07666C6A31}.net_4_0_Release|Any CPU.ActiveCfg = Release|Any CPU
		{129E5462-F398-499C-B69B-FC07666C6A31}.net_4_0_Release|Any CPU.Build.0 = Release|Any CPU
		{129E5462-F398-499C-B69B-FC07666C6A31}.net_4_0_Release|ARM.ActiveCfg = Release|Any CPU
		{129E5462-F398-499C-B69B-FC07666C6A31}.net_4_0_Release|Mixed Platforms.ActiveCfg = Release|Any CPU
		{129E5462-F398-499C-B69B-FC07666C6A31}.net_4_0_Release|Mixed Platforms.Build.0 = Release|Any CPU
		{129E5462-F398-499C-B69B-FC07666C6A31}.net_4_0_Release|x64.ActiveCfg = Release|Any CPU
		{129E5462-F398-499C-B69B-FC07666C6A31}.net_4_0_Release|x86.ActiveCfg = Release|Any CPU
		{129E5462-F398-499C-B69B-FC07666C6A31}.net_4_5_Debug|Any CPU.ActiveCfg = Debug|Any CPU
		{129E5462-F398-499C-B69B-FC07666C6A31}.net_4_5_Debug|Any CPU.Build.0 = Debug|Any CPU
		{129E5462-F398-499C-B69B-FC07666C6A31}.net_4_5_Debug|ARM.ActiveCfg = Debug|Any CPU
		{129E5462-F398-499C-B69B-FC07666C6A31}.net_4_5_Debug|Mixed Platforms.ActiveCfg = Debug|Any CPU
		{129E5462-F398-499C-B69B-FC07666C6A31}.net_4_5_Debug|Mixed Platforms.Build.0 = Debug|Any CPU
		{129E5462-F398-499C-B69B-FC07666C6A31}.net_4_5_Debug|x64.ActiveCfg = Debug|Any CPU
		{129E5462-F398-499C-B69B-FC07666C6A31}.net_4_5_Debug|x86.ActiveCfg = Debug|Any CPU
		{129E5462-F398-499C-B69B-FC07666C6A31}.net_4_5_Release|Any CPU.ActiveCfg = Release|Any CPU
		{129E5462-F398-499C-B69B-FC07666C6A31}.net_4_5_Release|Any CPU.Build.0 = Release|Any CPU
		{129E5462-F398-499C-B69B-FC07666C6A31}.net_4_5_Release|ARM.ActiveCfg = Release|Any CPU
		{129E5462-F398-499C-B69B-FC07666C6A31}.net_4_5_Release|Mixed Platforms.ActiveCfg = Release|Any CPU
		{129E5462-F398-499C-B69B-FC07666C6A31}.net_4_5_Release|Mixed Platforms.Build.0 = Release|Any CPU
		{129E5462-F398-499C-B69B-FC07666C6A31}.net_4_5_Release|x64.ActiveCfg = Release|Any CPU
		{129E5462-F398-499C-B69B-FC07666C6A31}.net_4_5_Release|x86.ActiveCfg = Release|Any CPU
		{129E5462-F398-499C-B69B-FC07666C6A31}.Release|Any CPU.ActiveCfg = Release|Any CPU
		{129E5462-F398-499C-B69B-FC07666C6A31}.Release|Any CPU.Build.0 = Release|Any CPU
		{129E5462-F398-499C-B69B-FC07666C6A31}.Release|ARM.ActiveCfg = Release|Any CPU
		{129E5462-F398-499C-B69B-FC07666C6A31}.Release|Mixed Platforms.ActiveCfg = Release|Any CPU
		{129E5462-F398-499C-B69B-FC07666C6A31}.Release|Mixed Platforms.Build.0 = Release|Any CPU
		{129E5462-F398-499C-B69B-FC07666C6A31}.Release|x64.ActiveCfg = Release|Any CPU
		{129E5462-F398-499C-B69B-FC07666C6A31}.Release|x86.ActiveCfg = Release|Any CPU
		{129E5462-F398-499C-B69B-FC07666C6A31}.silverlight_Debug|Any CPU.ActiveCfg = Debug|Any CPU
		{129E5462-F398-499C-B69B-FC07666C6A31}.silverlight_Debug|Any CPU.Build.0 = Debug|Any CPU
		{129E5462-F398-499C-B69B-FC07666C6A31}.silverlight_Debug|ARM.ActiveCfg = Debug|Any CPU
		{129E5462-F398-499C-B69B-FC07666C6A31}.silverlight_Debug|Mixed Platforms.ActiveCfg = Debug|Any CPU
		{129E5462-F398-499C-B69B-FC07666C6A31}.silverlight_Debug|Mixed Platforms.Build.0 = Debug|Any CPU
		{129E5462-F398-499C-B69B-FC07666C6A31}.silverlight_Debug|x64.ActiveCfg = Debug|Any CPU
		{129E5462-F398-499C-B69B-FC07666C6A31}.silverlight_Debug|x86.ActiveCfg = Debug|Any CPU
		{129E5462-F398-499C-B69B-FC07666C6A31}.silverlight_Release|Any CPU.ActiveCfg = Release|Any CPU
		{129E5462-F398-499C-B69B-FC07666C6A31}.silverlight_Release|Any CPU.Build.0 = Release|Any CPU
		{129E5462-F398-499C-B69B-FC07666C6A31}.silverlight_Release|ARM.ActiveCfg = Release|Any CPU
		{129E5462-F398-499C-B69B-FC07666C6A31}.silverlight_Release|Mixed Platforms.ActiveCfg = Release|Any CPU
		{129E5462-F398-499C-B69B-FC07666C6A31}.silverlight_Release|Mixed Platforms.Build.0 = Release|Any CPU
		{129E5462-F398-499C-B69B-FC07666C6A31}.silverlight_Release|x64.ActiveCfg = Release|Any CPU
		{129E5462-F398-499C-B69B-FC07666C6A31}.silverlight_Release|x86.ActiveCfg = Release|Any CPU
		{129E5462-F398-499C-B69B-FC07666C6A31}.winphone_Debug|Any CPU.ActiveCfg = Debug|Any CPU
		{129E5462-F398-499C-B69B-FC07666C6A31}.winphone_Debug|Any CPU.Build.0 = Debug|Any CPU
		{129E5462-F398-499C-B69B-FC07666C6A31}.winphone_Debug|ARM.ActiveCfg = Debug|Any CPU
		{129E5462-F398-499C-B69B-FC07666C6A31}.winphone_Debug|Mixed Platforms.ActiveCfg = Debug|Any CPU
		{129E5462-F398-499C-B69B-FC07666C6A31}.winphone_Debug|Mixed Platforms.Build.0 = Debug|Any CPU
		{129E5462-F398-499C-B69B-FC07666C6A31}.winphone_Debug|x64.ActiveCfg = Debug|Any CPU
		{129E5462-F398-499C-B69B-FC07666C6A31}.winphone_Debug|x86.ActiveCfg = Debug|Any CPU
		{129E5462-F398-499C-B69B-FC07666C6A31}.winphone_Release|Any CPU.ActiveCfg = Release|Any CPU
		{129E5462-F398-499C-B69B-FC07666C6A31}.winphone_Release|Any CPU.Build.0 = Release|Any CPU
		{129E5462-F398-499C-B69B-FC07666C6A31}.winphone_Release|ARM.ActiveCfg = Release|Any CPU
		{129E5462-F398-499C-B69B-FC07666C6A31}.winphone_Release|Mixed Platforms.ActiveCfg = Release|Any CPU
		{129E5462-F398-499C-B69B-FC07666C6A31}.winphone_Release|Mixed Platforms.Build.0 = Release|Any CPU
		{129E5462-F398-499C-B69B-FC07666C6A31}.winphone_Release|x64.ActiveCfg = Release|Any CPU
		{129E5462-F398-499C-B69B-FC07666C6A31}.winphone_Release|x86.ActiveCfg = Release|Any CPU
		{4E087ECB-E7CA-4891-AC3C-3C76702715B6}.Debug|Any CPU.ActiveCfg = Debug|Any CPU
		{4E087ECB-E7CA-4891-AC3C-3C76702715B6}.Debug|Any CPU.Build.0 = Debug|Any CPU
		{4E087ECB-E7CA-4891-AC3C-3C76702715B6}.Debug|ARM.ActiveCfg = Debug|Any CPU
		{4E087ECB-E7CA-4891-AC3C-3C76702715B6}.Debug|Mixed Platforms.ActiveCfg = Debug|Any CPU
		{4E087ECB-E7CA-4891-AC3C-3C76702715B6}.Debug|Mixed Platforms.Build.0 = Debug|Any CPU
		{4E087ECB-E7CA-4891-AC3C-3C76702715B6}.Debug|x64.ActiveCfg = Debug|Any CPU
		{4E087ECB-E7CA-4891-AC3C-3C76702715B6}.Debug|x86.ActiveCfg = Debug|Any CPU
		{4E087ECB-E7CA-4891-AC3C-3C76702715B6}.net_2_0_Debug|Any CPU.ActiveCfg = Debug|Any CPU
		{4E087ECB-E7CA-4891-AC3C-3C76702715B6}.net_2_0_Debug|Any CPU.Build.0 = Debug|Any CPU
		{4E087ECB-E7CA-4891-AC3C-3C76702715B6}.net_2_0_Debug|ARM.ActiveCfg = Debug|Any CPU
		{4E087ECB-E7CA-4891-AC3C-3C76702715B6}.net_2_0_Debug|Mixed Platforms.ActiveCfg = Debug|Any CPU
		{4E087ECB-E7CA-4891-AC3C-3C76702715B6}.net_2_0_Debug|Mixed Platforms.Build.0 = Debug|Any CPU
		{4E087ECB-E7CA-4891-AC3C-3C76702715B6}.net_2_0_Debug|x64.ActiveCfg = Debug|Any CPU
		{4E087ECB-E7CA-4891-AC3C-3C76702715B6}.net_2_0_Debug|x86.ActiveCfg = Debug|Any CPU
		{4E087ECB-E7CA-4891-AC3C-3C76702715B6}.net_2_0_Release|Any CPU.ActiveCfg = Release|Any CPU
		{4E087ECB-E7CA-4891-AC3C-3C76702715B6}.net_2_0_Release|Any CPU.Build.0 = Release|Any CPU
		{4E087ECB-E7CA-4891-AC3C-3C76702715B6}.net_2_0_Release|ARM.ActiveCfg = Release|Any CPU
		{4E087ECB-E7CA-4891-AC3C-3C76702715B6}.net_2_0_Release|Mixed Platforms.ActiveCfg = Release|Any CPU
		{4E087ECB-E7CA-4891-AC3C-3C76702715B6}.net_2_0_Release|Mixed Platforms.Build.0 = Release|Any CPU
		{4E087ECB-E7CA-4891-AC3C-3C76702715B6}.net_2_0_Release|x64.ActiveCfg = Release|Any CPU
		{4E087ECB-E7CA-4891-AC3C-3C76702715B6}.net_2_0_Release|x86.ActiveCfg = Release|Any CPU
		{4E087ECB-E7CA-4891-AC3C-3C76702715B6}.net_3_5_Debug|Any CPU.ActiveCfg = Debug|Any CPU
		{4E087ECB-E7CA-4891-AC3C-3C76702715B6}.net_3_5_Debug|Any CPU.Build.0 = Debug|Any CPU
		{4E087ECB-E7CA-4891-AC3C-3C76702715B6}.net_3_5_Debug|ARM.ActiveCfg = Debug|Any CPU
		{4E087ECB-E7CA-4891-AC3C-3C76702715B6}.net_3_5_Debug|Mixed Platforms.ActiveCfg = Debug|Any CPU
		{4E087ECB-E7CA-4891-AC3C-3C76702715B6}.net_3_5_Debug|Mixed Platforms.Build.0 = Debug|Any CPU
		{4E087ECB-E7CA-4891-AC3C-3C76702715B6}.net_3_5_Debug|x64.ActiveCfg = Debug|Any CPU
		{4E087ECB-E7CA-4891-AC3C-3C76702715B6}.net_3_5_Debug|x86.ActiveCfg = Debug|Any CPU
		{4E087ECB-E7CA-4891-AC3C-3C76702715B6}.net_3_5_Release|Any CPU.ActiveCfg = Release|Any CPU
		{4E087ECB-E7CA-4891-AC3C-3C76702715B6}.net_3_5_Release|Any CPU.Build.0 = Release|Any CPU
		{4E087ECB-E7CA-4891-AC3C-3C76702715B6}.net_3_5_Release|ARM.ActiveCfg = Release|Any CPU
		{4E087ECB-E7CA-4891-AC3C-3C76702715B6}.net_3_5_Release|Mixed Platforms.ActiveCfg = Release|Any CPU
		{4E087ECB-E7CA-4891-AC3C-3C76702715B6}.net_3_5_Release|Mixed Platforms.Build.0 = Release|Any CPU
		{4E087ECB-E7CA-4891-AC3C-3C76702715B6}.net_3_5_Release|x64.ActiveCfg = Release|Any CPU
		{4E087ECB-E7CA-4891-AC3C-3C76702715B6}.net_3_5_Release|x86.ActiveCfg = Release|Any CPU
		{4E087ECB-E7CA-4891-AC3C-3C76702715B6}.net_4_0_Debug|Any CPU.ActiveCfg = Debug|Any CPU
		{4E087ECB-E7CA-4891-AC3C-3C76702715B6}.net_4_0_Debug|Any CPU.Build.0 = Debug|Any CPU
		{4E087ECB-E7CA-4891-AC3C-3C76702715B6}.net_4_0_Debug|ARM.ActiveCfg = Debug|Any CPU
		{4E087ECB-E7CA-4891-AC3C-3C76702715B6}.net_4_0_Debug|Mixed Platforms.ActiveCfg = Debug|Any CPU
		{4E087ECB-E7CA-4891-AC3C-3C76702715B6}.net_4_0_Debug|Mixed Platforms.Build.0 = Debug|Any CPU
		{4E087ECB-E7CA-4891-AC3C-3C76702715B6}.net_4_0_Debug|x64.ActiveCfg = Debug|Any CPU
		{4E087ECB-E7CA-4891-AC3C-3C76702715B6}.net_4_0_Debug|x86.ActiveCfg = Debug|Any CPU
		{4E087ECB-E7CA-4891-AC3C-3C76702715B6}.net_4_0_Release|Any CPU.ActiveCfg = Release|Any CPU
		{4E087ECB-E7CA-4891-AC3C-3C76702715B6}.net_4_0_Release|Any CPU.Build.0 = Release|Any CPU
		{4E087ECB-E7CA-4891-AC3C-3C76702715B6}.net_4_0_Release|ARM.ActiveCfg = Release|Any CPU
		{4E087ECB-E7CA-4891-AC3C-3C76702715B6}.net_4_0_Release|Mixed Platforms.ActiveCfg = Release|Any CPU
		{4E087ECB-E7CA-4891-AC3C-3C76702715B6}.net_4_0_Release|Mixed Platforms.Build.0 = Release|Any CPU
		{4E087ECB-E7CA-4891-AC3C-3C76702715B6}.net_4_0_Release|x64.ActiveCfg = Release|Any CPU
		{4E087ECB-E7CA-4891-AC3C-3C76702715B6}.net_4_0_Release|x86.ActiveCfg = Release|Any CPU
		{4E087ECB-E7CA-4891-AC3C-3C76702715B6}.net_4_5_Debug|Any CPU.ActiveCfg = Debug|Any CPU
		{4E087ECB-E7CA-4891-AC3C-3C76702715B6}.net_4_5_Debug|Any CPU.Build.0 = Debug|Any CPU
		{4E087ECB-E7CA-4891-AC3C-3C76702715B6}.net_4_5_Debug|ARM.ActiveCfg = Debug|Any CPU
		{4E087ECB-E7CA-4891-AC3C-3C76702715B6}.net_4_5_Debug|Mixed Platforms.ActiveCfg = Debug|Any CPU
		{4E087ECB-E7CA-4891-AC3C-3C76702715B6}.net_4_5_Debug|Mixed Platforms.Build.0 = Debug|Any CPU
		{4E087ECB-E7CA-4891-AC3C-3C76702715B6}.net_4_5_Debug|x64.ActiveCfg = Debug|Any CPU
		{4E087ECB-E7CA-4891-AC3C-3C76702715B6}.net_4_5_Debug|x86.ActiveCfg = Debug|Any CPU
		{4E087ECB-E7CA-4891-AC3C-3C76702715B6}.net_4_5_Release|Any CPU.ActiveCfg = Release|Any CPU
		{4E087ECB-E7CA-4891-AC3C-3C76702715B6}.net_4_5_Release|Any CPU.Build.0 = Release|Any CPU
		{4E087ECB-E7CA-4891-AC3C-3C76702715B6}.net_4_5_Release|ARM.ActiveCfg = Release|Any CPU
		{4E087ECB-E7CA-4891-AC3C-3C76702715B6}.net_4_5_Release|Mixed Platforms.ActiveCfg = Release|Any CPU
		{4E087ECB-E7CA-4891-AC3C-3C76702715B6}.net_4_5_Release|Mixed Platforms.Build.0 = Release|Any CPU
		{4E087ECB-E7CA-4891-AC3C-3C76702715B6}.net_4_5_Release|x64.ActiveCfg = Release|Any CPU
		{4E087ECB-E7CA-4891-AC3C-3C76702715B6}.net_4_5_Release|x86.ActiveCfg = Release|Any CPU
		{4E087ECB-E7CA-4891-AC3C-3C76702715B6}.Release|Any CPU.ActiveCfg = Release|Any CPU
		{4E087ECB-E7CA-4891-AC3C-3C76702715B6}.Release|Any CPU.Build.0 = Release|Any CPU
		{4E087ECB-E7CA-4891-AC3C-3C76702715B6}.Release|ARM.ActiveCfg = Release|Any CPU
		{4E087ECB-E7CA-4891-AC3C-3C76702715B6}.Release|Mixed Platforms.ActiveCfg = Release|Any CPU
		{4E087ECB-E7CA-4891-AC3C-3C76702715B6}.Release|Mixed Platforms.Build.0 = Release|Any CPU
		{4E087ECB-E7CA-4891-AC3C-3C76702715B6}.Release|x64.ActiveCfg = Release|Any CPU
		{4E087ECB-E7CA-4891-AC3C-3C76702715B6}.Release|x86.ActiveCfg = Release|Any CPU
		{4E087ECB-E7CA-4891-AC3C-3C76702715B6}.silverlight_Debug|Any CPU.ActiveCfg = Debug|Any CPU
		{4E087ECB-E7CA-4891-AC3C-3C76702715B6}.silverlight_Debug|Any CPU.Build.0 = Debug|Any CPU
		{4E087ECB-E7CA-4891-AC3C-3C76702715B6}.silverlight_Debug|ARM.ActiveCfg = Debug|Any CPU
		{4E087ECB-E7CA-4891-AC3C-3C76702715B6}.silverlight_Debug|Mixed Platforms.ActiveCfg = Debug|Any CPU
		{4E087ECB-E7CA-4891-AC3C-3C76702715B6}.silverlight_Debug|Mixed Platforms.Build.0 = Debug|Any CPU
		{4E087ECB-E7CA-4891-AC3C-3C76702715B6}.silverlight_Debug|x64.ActiveCfg = Debug|Any CPU
		{4E087ECB-E7CA-4891-AC3C-3C76702715B6}.silverlight_Debug|x86.ActiveCfg = Debug|Any CPU
		{4E087ECB-E7CA-4891-AC3C-3C76702715B6}.silverlight_Release|Any CPU.ActiveCfg = Release|Any CPU
		{4E087ECB-E7CA-4891-AC3C-3C76702715B6}.silverlight_Release|Any CPU.Build.0 = Release|Any CPU
		{4E087ECB-E7CA-4891-AC3C-3C76702715B6}.silverlight_Release|ARM.ActiveCfg = Release|Any CPU
		{4E087ECB-E7CA-4891-AC3C-3C76702715B6}.silverlight_Release|Mixed Platforms.ActiveCfg = Release|Any CPU
		{4E087ECB-E7CA-4891-AC3C-3C76702715B6}.silverlight_Release|Mixed Platforms.Build.0 = Release|Any CPU
		{4E087ECB-E7CA-4891-AC3C-3C76702715B6}.silverlight_Release|x64.ActiveCfg = Release|Any CPU
		{4E087ECB-E7CA-4891-AC3C-3C76702715B6}.silverlight_Release|x86.ActiveCfg = Release|Any CPU
		{4E087ECB-E7CA-4891-AC3C-3C76702715B6}.winphone_Debug|Any CPU.ActiveCfg = Debug|Any CPU
		{4E087ECB-E7CA-4891-AC3C-3C76702715B6}.winphone_Debug|Any CPU.Build.0 = Debug|Any CPU
		{4E087ECB-E7CA-4891-AC3C-3C76702715B6}.winphone_Debug|ARM.ActiveCfg = Debug|Any CPU
		{4E087ECB-E7CA-4891-AC3C-3C76702715B6}.winphone_Debug|Mixed Platforms.ActiveCfg = Debug|Any CPU
		{4E087ECB-E7CA-4891-AC3C-3C76702715B6}.winphone_Debug|Mixed Platforms.Build.0 = Debug|Any CPU
		{4E087ECB-E7CA-4891-AC3C-3C76702715B6}.winphone_Debug|x64.ActiveCfg = Debug|Any CPU
		{4E087ECB-E7CA-4891-AC3C-3C76702715B6}.winphone_Debug|x86.ActiveCfg = Debug|Any CPU
		{4E087ECB-E7CA-4891-AC3C-3C76702715B6}.winphone_Release|Any CPU.ActiveCfg = Release|Any CPU
		{4E087ECB-E7CA-4891-AC3C-3C76702715B6}.winphone_Release|Any CPU.Build.0 = Release|Any CPU
		{4E087ECB-E7CA-4891-AC3C-3C76702715B6}.winphone_Release|ARM.ActiveCfg = Release|Any CPU
		{4E087ECB-E7CA-4891-AC3C-3C76702715B6}.winphone_Release|Mixed Platforms.ActiveCfg = Release|Any CPU
		{4E087ECB-E7CA-4891-AC3C-3C76702715B6}.winphone_Release|Mixed Platforms.Build.0 = Release|Any CPU
		{4E087ECB-E7CA-4891-AC3C-3C76702715B6}.winphone_Release|x64.ActiveCfg = Release|Any CPU
		{4E087ECB-E7CA-4891-AC3C-3C76702715B6}.winphone_Release|x86.ActiveCfg = Release|Any CPU
	EndGlobalSection
	GlobalSection(SolutionProperties) = preSolution
		HideSolutionNode = FALSE
	EndGlobalSection
	GlobalSection(NestedProjects) = preSolution
		{129E5462-F398-499C-B69B-FC07666C6A31} = {DB0F0968-FB58-4A29-8BEA-F73E55D92665}
	EndGlobalSection
EndGlobal
